// !$*UTF8*$!
{
	archiveVersion = 1;
	classes = {
	};
	objectVersion = 56;
	objects = {

/* Begin PBXBuildFile section */
		E10B4C362AB6016600C692AB /* AppDelegate.swift in Sources */ = {isa = PBXBuildFile; fileRef = E10B4C352AB6016600C692AB /* AppDelegate.swift */; };
		E10B4C382AB6016600C692AB /* SceneDelegate.swift in Sources */ = {isa = PBXBuildFile; fileRef = E10B4C372AB6016600C692AB /* SceneDelegate.swift */; };
		E10B4C3A2AB6016600C692AB /* ViewController.swift in Sources */ = {isa = PBXBuildFile; fileRef = E10B4C392AB6016600C692AB /* ViewController.swift */; };
		E10B4C3D2AB6016600C692AB /* Main.storyboard in Resources */ = {isa = PBXBuildFile; fileRef = E10B4C3B2AB6016600C692AB /* Main.storyboard */; };
		E10B4C3F2AB6016800C692AB /* Assets.xcassets in Resources */ = {isa = PBXBuildFile; fileRef = E10B4C3E2AB6016800C692AB /* Assets.xcassets */; };
		E10B4C422AB6016800C692AB /* LaunchScreen.storyboard in Resources */ = {isa = PBXBuildFile; fileRef = E10B4C402AB6016800C692AB /* LaunchScreen.storyboard */; };
		E10B4C4D2AB6016800C692AB /* PROG8471___Assignment_1Tests.swift in Sources */ = {isa = PBXBuildFile; fileRef = E10B4C4C2AB6016800C692AB /* PROG8471___Assignment_1Tests.swift */; };
		E10B4C572AB6016800C692AB /* PROG8471___Assignment_1UITests.swift in Sources */ = {isa = PBXBuildFile; fileRef = E10B4C562AB6016800C692AB /* PROG8471___Assignment_1UITests.swift */; };
		E10B4C592AB6016800C692AB /* PROG8471___Assignment_1UITestsLaunchTests.swift in Sources */ = {isa = PBXBuildFile; fileRef = E10B4C582AB6016800C692AB /* PROG8471___Assignment_1UITestsLaunchTests.swift */; };
/* End PBXBuildFile section */

/* Begin PBXContainerItemProxy section */
		E10B4C492AB6016800C692AB /* PBXContainerItemProxy */ = {
			isa = PBXContainerItemProxy;
			containerPortal = E10B4C2A2AB6016600C692AB /* Project object */;
			proxyType = 1;
			remoteGlobalIDString = E10B4C312AB6016600C692AB;
			remoteInfo = "PROG8471 - Assignment 1";
		};
		E10B4C532AB6016800C692AB /* PBXContainerItemProxy */ = {
			isa = PBXContainerItemProxy;
			containerPortal = E10B4C2A2AB6016600C692AB /* Project object */;
			proxyType = 1;
			remoteGlobalIDString = E10B4C312AB6016600C692AB;
			remoteInfo = "PROG8471 - Assignment 1";
		};
/* End PBXContainerItemProxy section */

/* Begin PBXFileReference section */
		E10B4C322AB6016600C692AB /* PROG8471 - Assignment 1.app */ = {isa = PBXFileReference; explicitFileType = wrapper.application; includeInIndex = 0; path = "PROG8471 - Assignment 1.app"; sourceTree = BUILT_PRODUCTS_DIR; };
		E10B4C352AB6016600C692AB /* AppDelegate.swift */ = {isa = PBXFileReference; lastKnownFileType = sourcecode.swift; path = AppDelegate.swift; sourceTree = "<group>"; };
		E10B4C372AB6016600C692AB /* SceneDelegate.swift */ = {isa = PBXFileReference; lastKnownFileType = sourcecode.swift; path = SceneDelegate.swift; sourceTree = "<group>"; };
		E10B4C392AB6016600C692AB /* ViewController.swift */ = {isa = PBXFileReference; lastKnownFileType = sourcecode.swift; path = ViewController.swift; sourceTree = "<group>"; };
		E10B4C3C2AB6016600C692AB /* Base */ = {isa = PBXFileReference; lastKnownFileType = file.storyboard; name = Base; path = Base.lproj/Main.storyboard; sourceTree = "<group>"; };
		E10B4C3E2AB6016800C692AB /* Assets.xcassets */ = {isa = PBXFileReference; lastKnownFileType = folder.assetcatalog; path = Assets.xcassets; sourceTree = "<group>"; };
		E10B4C412AB6016800C692AB /* Base */ = {isa = PBXFileReference; lastKnownFileType = file.storyboard; name = Base; path = Base.lproj/LaunchScreen.storyboard; sourceTree = "<group>"; };
		E10B4C432AB6016800C692AB /* Info.plist */ = {isa = PBXFileReference; lastKnownFileType = text.plist.xml; path = Info.plist; sourceTree = "<group>"; };
		E10B4C482AB6016800C692AB /* PROG8471 - Assignment 1Tests.xctest */ = {isa = PBXFileReference; explicitFileType = wrapper.cfbundle; includeInIndex = 0; path = "PROG8471 - Assignment 1Tests.xctest"; sourceTree = BUILT_PRODUCTS_DIR; };
		E10B4C4C2AB6016800C692AB /* PROG8471___Assignment_1Tests.swift */ = {isa = PBXFileReference; lastKnownFileType = sourcecode.swift; path = "PROG8471___Assignment_1Tests.swift"; sourceTree = "<group>"; };
		E10B4C522AB6016800C692AB /* PROG8471 - Assignment 1UITests.xctest */ = {isa = PBXFileReference; explicitFileType = wrapper.cfbundle; includeInIndex = 0; path = "PROG8471 - Assignment 1UITests.xctest"; sourceTree = BUILT_PRODUCTS_DIR; };
		E10B4C562AB6016800C692AB /* PROG8471___Assignment_1UITests.swift */ = {isa = PBXFileReference; lastKnownFileType = sourcecode.swift; path = "PROG8471___Assignment_1UITests.swift"; sourceTree = "<group>"; };
		E10B4C582AB6016800C692AB /* PROG8471___Assignment_1UITestsLaunchTests.swift */ = {isa = PBXFileReference; lastKnownFileType = sourcecode.swift; path = "PROG8471___Assignment_1UITestsLaunchTests.swift"; sourceTree = "<group>"; };
/* End PBXFileReference section */

/* Begin PBXFrameworksBuildPhase section */
		E10B4C2F2AB6016600C692AB /* Frameworks */ = {
			isa = PBXFrameworksBuildPhase;
			buildActionMask = 2147483647;
			files = (
			);
			runOnlyForDeploymentPostprocessing = 0;
		};
		E10B4C452AB6016800C692AB /* Frameworks */ = {
			isa = PBXFrameworksBuildPhase;
			buildActionMask = 2147483647;
			files = (
			);
			runOnlyForDeploymentPostprocessing = 0;
		};
		E10B4C4F2AB6016800C692AB /* Frameworks */ = {
			isa = PBXFrameworksBuildPhase;
			buildActionMask = 2147483647;
			files = (
			);
			runOnlyForDeploymentPostprocessing = 0;
		};
/* End PBXFrameworksBuildPhase section */

/* Begin PBXGroup section */
		E10B4C292AB6016600C692AB = {
			isa = PBXGroup;
			children = (
				E10B4C342AB6016600C692AB /* PROG8471 - Assignment 1 */,
				E10B4C4B2AB6016800C692AB /* PROG8471 - Assignment 1Tests */,
				E10B4C552AB6016800C692AB /* PROG8471 - Assignment 1UITests */,
				E10B4C332AB6016600C692AB /* Products */,
			);
			sourceTree = "<group>";
		};
		E10B4C332AB6016600C692AB /* Products */ = {
			isa = PBXGroup;
			children = (
				E10B4C322AB6016600C692AB /* PROG8471 - Assignment 1.app */,
				E10B4C482AB6016800C692AB /* PROG8471 - Assignment 1Tests.xctest */,
				E10B4C522AB6016800C692AB /* PROG8471 - Assignment 1UITests.xctest */,
			);
			name = Products;
			sourceTree = "<group>";
		};
		E10B4C342AB6016600C692AB /* PROG8471 - Assignment 1 */ = {
			isa = PBXGroup;
			children = (
				E10B4C352AB6016600C692AB /* AppDelegate.swift */,
				E10B4C372AB6016600C692AB /* SceneDelegate.swift */,
				E10B4C392AB6016600C692AB /* ViewController.swift */,
				E10B4C3B2AB6016600C692AB /* Main.storyboard */,
				E10B4C3E2AB6016800C692AB /* Assets.xcassets */,
				E10B4C402AB6016800C692AB /* LaunchScreen.storyboard */,
				E10B4C432AB6016800C692AB /* Info.plist */,
			);
			path = "PROG8471 - Assignment 1";
			sourceTree = "<group>";
		};
		E10B4C4B2AB6016800C692AB /* PROG8471 - Assignment 1Tests */ = {
			isa = PBXGroup;
			children = (
				E10B4C4C2AB6016800C692AB /* PROG8471___Assignment_1Tests.swift */,
			);
			path = "PROG8471 - Assignment 1Tests";
			sourceTree = "<group>";
		};
		E10B4C552AB6016800C692AB /* PROG8471 - Assignment 1UITests */ = {
			isa = PBXGroup;
			children = (
				E10B4C562AB6016800C692AB /* PROG8471___Assignment_1UITests.swift */,
				E10B4C582AB6016800C692AB /* PROG8471___Assignment_1UITestsLaunchTests.swift */,
			);
			path = "PROG8471 - Assignment 1UITests";
			sourceTree = "<group>";
		};
/* End PBXGroup section */

/* Begin PBXNativeTarget section */
		E10B4C312AB6016600C692AB /* PROG8471 - Assignment 1 */ = {
			isa = PBXNativeTarget;
			buildConfigurationList = E10B4C5C2AB6016800C692AB /* Build configuration list for PBXNativeTarget "PROG8471 - Assignment 1" */;
			buildPhases = (
				E10B4C2E2AB6016600C692AB /* Sources */,
				E10B4C2F2AB6016600C692AB /* Frameworks */,
				E10B4C302AB6016600C692AB /* Resources */,
			);
			buildRules = (
			);
			dependencies = (
			);
			name = "PROG8471 - Assignment 1";
			productName = "PROG8471 - Assignment 1";
			productReference = E10B4C322AB6016600C692AB /* PROG8471 - Assignment 1.app */;
			productType = "com.apple.product-type.application";
		};
		E10B4C472AB6016800C692AB /* PROG8471 - Assignment 1Tests */ = {
			isa = PBXNativeTarget;
			buildConfigurationList = E10B4C5F2AB6016800C692AB /* Build configuration list for PBXNativeTarget "PROG8471 - Assignment 1Tests" */;
			buildPhases = (
				E10B4C442AB6016800C692AB /* Sources */,
				E10B4C452AB6016800C692AB /* Frameworks */,
				E10B4C462AB6016800C692AB /* Resources */,
			);
			buildRules = (
			);
			dependencies = (
				E10B4C4A2AB6016800C692AB /* PBXTargetDependency */,
			);
			name = "PROG8471 - Assignment 1Tests";
			productName = "PROG8471 - Assignment 1Tests";
			productReference = E10B4C482AB6016800C692AB /* PROG8471 - Assignment 1Tests.xctest */;
			productType = "com.apple.product-type.bundle.unit-test";
		};
		E10B4C512AB6016800C692AB /* PROG8471 - Assignment 1UITests */ = {
			isa = PBXNativeTarget;
			buildConfigurationList = E10B4C622AB6016800C692AB /* Build configuration list for PBXNativeTarget "PROG8471 - Assignment 1UITests" */;
			buildPhases = (
				E10B4C4E2AB6016800C692AB /* Sources */,
				E10B4C4F2AB6016800C692AB /* Frameworks */,
				E10B4C502AB6016800C692AB /* Resources */,
			);
			buildRules = (
			);
			dependencies = (
				E10B4C542AB6016800C692AB /* PBXTargetDependency */,
			);
			name = "PROG8471 - Assignment 1UITests";
			productName = "PROG8471 - Assignment 1UITests";
			productReference = E10B4C522AB6016800C692AB /* PROG8471 - Assignment 1UITests.xctest */;
			productType = "com.apple.product-type.bundle.ui-testing";
		};
/* End PBXNativeTarget section */

/* Begin PBXProject section */
		E10B4C2A2AB6016600C692AB /* Project object */ = {
			isa = PBXProject;
			attributes = {
				BuildIndependentTargetsInParallel = 1;
				LastSwiftUpdateCheck = 1430;
				LastUpgradeCheck = 1430;
				TargetAttributes = {
					E10B4C312AB6016600C692AB = {
						CreatedOnToolsVersion = 14.3;
					};
					E10B4C472AB6016800C692AB = {
						CreatedOnToolsVersion = 14.3;
						TestTargetID = E10B4C312AB6016600C692AB;
					};
					E10B4C512AB6016800C692AB = {
						CreatedOnToolsVersion = 14.3;
						TestTargetID = E10B4C312AB6016600C692AB;
					};
				};
			};
			buildConfigurationList = E10B4C2D2AB6016600C692AB /* Build configuration list for PBXProject "PROG8471 - Assignment 1" */;
			compatibilityVersion = "Xcode 14.0";
			developmentRegion = en;
			hasScannedForEncodings = 0;
			knownRegions = (
				en,
				Base,
			);
			mainGroup = E10B4C292AB6016600C692AB;
			productRefGroup = E10B4C332AB6016600C692AB /* Products */;
			projectDirPath = "";
			projectRoot = "";
			targets = (
				E10B4C312AB6016600C692AB /* PROG8471 - Assignment 1 */,
				E10B4C472AB6016800C692AB /* PROG8471 - Assignment 1Tests */,
				E10B4C512AB6016800C692AB /* PROG8471 - Assignment 1UITests */,
			);
		};
/* End PBXProject section */

/* Begin PBXResourcesBuildPhase section */
		E10B4C302AB6016600C692AB /* Resources */ = {
			isa = PBXResourcesBuildPhase;
			buildActionMask = 2147483647;
			files = (
				E10B4C422AB6016800C692AB /* LaunchScreen.storyboard in Resources */,
				E10B4C3F2AB6016800C692AB /* Assets.xcassets in Resources */,
				E10B4C3D2AB6016600C692AB /* Main.storyboard in Resources */,
			);
			runOnlyForDeploymentPostprocessing = 0;
		};
		E10B4C462AB6016800C692AB /* Resources */ = {
			isa = PBXResourcesBuildPhase;
			buildActionMask = 2147483647;
			files = (
			);
			runOnlyForDeploymentPostprocessing = 0;
		};
		E10B4C502AB6016800C692AB /* Resources */ = {
			isa = PBXResourcesBuildPhase;
			buildActionMask = 2147483647;
			files = (
			);
			runOnlyForDeploymentPostprocessing = 0;
		};
/* End PBXResourcesBuildPhase section */

/* Begin PBXSourcesBuildPhase section */
		E10B4C2E2AB6016600C692AB /* Sources */ = {
			isa = PBXSourcesBuildPhase;
			buildActionMask = 2147483647;
			files = (
				E10B4C3A2AB6016600C692AB /* ViewController.swift in Sources */,
				E10B4C362AB6016600C692AB /* AppDelegate.swift in Sources */,
				E10B4C382AB6016600C692AB /* SceneDelegate.swift in Sources */,
			);
			runOnlyForDeploymentPostprocessing = 0;
		};
		E10B4C442AB6016800C692AB /* Sources */ = {
			isa = PBXSourcesBuildPhase;
			buildActionMask = 2147483647;
			files = (
				E10B4C4D2AB6016800C692AB /* PROG8471___Assignment_1Tests.swift in Sources */,
			);
			runOnlyForDeploymentPostprocessing = 0;
		};
		E10B4C4E2AB6016800C692AB /* Sources */ = {
			isa = PBXSourcesBuildPhase;
			buildActionMask = 2147483647;
			files = (
				E10B4C572AB6016800C692AB /* PROG8471___Assignment_1UITests.swift in Sources */,
				E10B4C592AB6016800C692AB /* PROG8471___Assignment_1UITestsLaunchTests.swift in Sources */,
			);
			runOnlyForDeploymentPostprocessing = 0;
		};
/* End PBXSourcesBuildPhase section */

/* Begin PBXTargetDependency section */
		E10B4C4A2AB6016800C692AB /* PBXTargetDependency */ = {
			isa = PBXTargetDependency;
			target = E10B4C312AB6016600C692AB /* PROG8471 - Assignment 1 */;
			targetProxy = E10B4C492AB6016800C692AB /* PBXContainerItemProxy */;
		};
		E10B4C542AB6016800C692AB /* PBXTargetDependency */ = {
			isa = PBXTargetDependency;
			target = E10B4C312AB6016600C692AB /* PROG8471 - Assignment 1 */;
			targetProxy = E10B4C532AB6016800C692AB /* PBXContainerItemProxy */;
		};
/* End PBXTargetDependency section */

/* Begin PBXVariantGroup section */
		E10B4C3B2AB6016600C692AB /* Main.storyboard */ = {
			isa = PBXVariantGroup;
			children = (
				E10B4C3C2AB6016600C692AB /* Base */,
			);
			name = Main.storyboard;
			sourceTree = "<group>";
		};
		E10B4C402AB6016800C692AB /* LaunchScreen.storyboard */ = {
			isa = PBXVariantGroup;
			children = (
				E10B4C412AB6016800C692AB /* Base */,
			);
			name = LaunchScreen.storyboard;
			sourceTree = "<group>";
		};
/* End PBXVariantGroup section */

/* Begin XCBuildConfiguration section */
		E10B4C5A2AB6016800C692AB /* Debug */ = {
			isa = XCBuildConfiguration;
			buildSettings = {
				ALWAYS_SEARCH_USER_PATHS = NO;
				CLANG_ANALYZER_NONNULL = YES;
				CLANG_ANALYZER_NUMBER_OBJECT_CONVERSION = YES_AGGRESSIVE;
				CLANG_CXX_LANGUAGE_STANDARD = "gnu++20";
				CLANG_ENABLE_MODULES = YES;
				CLANG_ENABLE_OBJC_ARC = YES;
				CLANG_ENABLE_OBJC_WEAK = YES;
				CLANG_WARN_BLOCK_CAPTURE_AUTORELEASING = YES;
				CLANG_WARN_BOOL_CONVERSION = YES;
				CLANG_WARN_COMMA = YES;
				CLANG_WARN_CONSTANT_CONVERSION = YES;
				CLANG_WARN_DEPRECATED_OBJC_IMPLEMENTATIONS = YES;
				CLANG_WARN_DIRECT_OBJC_ISA_USAGE = YES_ERROR;
				CLANG_WARN_DOCUMENTATION_COMMENTS = YES;
				CLANG_WARN_EMPTY_BODY = YES;
				CLANG_WARN_ENUM_CONVERSION = YES;
				CLANG_WARN_INFINITE_RECURSION = YES;
				CLANG_WARN_INT_CONVERSION = YES;
				CLANG_WARN_NON_LITERAL_NULL_CONVERSION = YES;
				CLANG_WARN_OBJC_IMPLICIT_RETAIN_SELF = YES;
				CLANG_WARN_OBJC_LITERAL_CONVERSION = YES;
				CLANG_WARN_OBJC_ROOT_CLASS = YES_ERROR;
				CLANG_WARN_QUOTED_INCLUDE_IN_FRAMEWORK_HEADER = YES;
				CLANG_WARN_RANGE_LOOP_ANALYSIS = YES;
				CLANG_WARN_STRICT_PROTOTYPES = YES;
				CLANG_WARN_SUSPICIOUS_MOVE = YES;
				CLANG_WARN_UNGUARDED_AVAILABILITY = YES_AGGRESSIVE;
				CLANG_WARN_UNREACHABLE_CODE = YES;
				CLANG_WARN__DUPLICATE_METHOD_MATCH = YES;
				COPY_PHASE_STRIP = NO;
				DEBUG_INFORMATION_FORMAT = dwarf;
				ENABLE_STRICT_OBJC_MSGSEND = YES;
				ENABLE_TESTABILITY = YES;
				GCC_C_LANGUAGE_STANDARD = gnu11;
				GCC_DYNAMIC_NO_PIC = NO;
				GCC_NO_COMMON_BLOCKS = YES;
				GCC_OPTIMIZATION_LEVEL = 0;
				GCC_PREPROCESSOR_DEFINITIONS = (
					"DEBUG=1",
					"$(inherited)",
				);
				GCC_WARN_64_TO_32_BIT_CONVERSION = YES;
				GCC_WARN_ABOUT_RETURN_TYPE = YES_ERROR;
				GCC_WARN_UNDECLARED_SELECTOR = YES;
				GCC_WARN_UNINITIALIZED_AUTOS = YES_AGGRESSIVE;
				GCC_WARN_UNUSED_FUNCTION = YES;
				GCC_WARN_UNUSED_VARIABLE = YES;
				IPHONEOS_DEPLOYMENT_TARGET = 16.4;
				MTL_ENABLE_DEBUG_INFO = INCLUDE_SOURCE;
				MTL_FAST_MATH = YES;
				ONLY_ACTIVE_ARCH = YES;
				SDKROOT = iphoneos;
				SWIFT_ACTIVE_COMPILATION_CONDITIONS = DEBUG;
				SWIFT_OPTIMIZATION_LEVEL = "-Onone";
			};
			name = Debug;
		};
		E10B4C5B2AB6016800C692AB /* Release */ = {
			isa = XCBuildConfiguration;
			buildSettings = {
				ALWAYS_SEARCH_USER_PATHS = NO;
				CLANG_ANALYZER_NONNULL = YES;
				CLANG_ANALYZER_NUMBER_OBJECT_CONVERSION = YES_AGGRESSIVE;
				CLANG_CXX_LANGUAGE_STANDARD = "gnu++20";
				CLANG_ENABLE_MODULES = YES;
				CLANG_ENABLE_OBJC_ARC = YES;
				CLANG_ENABLE_OBJC_WEAK = YES;
				CLANG_WARN_BLOCK_CAPTURE_AUTORELEASING = YES;
				CLANG_WARN_BOOL_CONVERSION = YES;
				CLANG_WARN_COMMA = YES;
				CLANG_WARN_CONSTANT_CONVERSION = YES;
				CLANG_WARN_DEPRECATED_OBJC_IMPLEMENTATIONS = YES;
				CLANG_WARN_DIRECT_OBJC_ISA_USAGE = YES_ERROR;
				CLANG_WARN_DOCUMENTATION_COMMENTS = YES;
				CLANG_WARN_EMPTY_BODY = YES;
				CLANG_WARN_ENUM_CONVERSION = YES;
				CLANG_WARN_INFINITE_RECURSION = YES;
				CLANG_WARN_INT_CONVERSION = YES;
				CLANG_WARN_NON_LITERAL_NULL_CONVERSION = YES;
				CLANG_WARN_OBJC_IMPLICIT_RETAIN_SELF = YES;
				CLANG_WARN_OBJC_LITERAL_CONVERSION = YES;
				CLANG_WARN_OBJC_ROOT_CLASS = YES_ERROR;
				CLANG_WARN_QUOTED_INCLUDE_IN_FRAMEWORK_HEADER = YES;
				CLANG_WARN_RANGE_LOOP_ANALYSIS = YES;
				CLANG_WARN_STRICT_PROTOTYPES = YES;
				CLANG_WARN_SUSPICIOUS_MOVE = YES;
				CLANG_WARN_UNGUARDED_AVAILABILITY = YES_AGGRESSIVE;
				CLANG_WARN_UNREACHABLE_CODE = YES;
				CLANG_WARN__DUPLICATE_METHOD_MATCH = YES;
				COPY_PHASE_STRIP = NO;
				DEBUG_INFORMATION_FORMAT = "dwarf-with-dsym";
				ENABLE_NS_ASSERTIONS = NO;
				ENABLE_STRICT_OBJC_MSGSEND = YES;
				GCC_C_LANGUAGE_STANDARD = gnu11;
				GCC_NO_COMMON_BLOCKS = YES;
				GCC_WARN_64_TO_32_BIT_CONVERSION = YES;
				GCC_WARN_ABOUT_RETURN_TYPE = YES_ERROR;
				GCC_WARN_UNDECLARED_SELECTOR = YES;
				GCC_WARN_UNINITIALIZED_AUTOS = YES_AGGRESSIVE;
				GCC_WARN_UNUSED_FUNCTION = YES;
				GCC_WARN_UNUSED_VARIABLE = YES;
				IPHONEOS_DEPLOYMENT_TARGET = 16.4;
				MTL_ENABLE_DEBUG_INFO = NO;
				MTL_FAST_MATH = YES;
				SDKROOT = iphoneos;
				SWIFT_COMPILATION_MODE = wholemodule;
				SWIFT_OPTIMIZATION_LEVEL = "-O";
				VALIDATE_PRODUCT = YES;
			};
			name = Release;
		};
		E10B4C5D2AB6016800C692AB /* Debug */ = {
			isa = XCBuildConfiguration;
			buildSettings = {
				ASSETCATALOG_COMPILER_APPICON_NAME = AppIcon;
				ASSETCATALOG_COMPILER_GLOBAL_ACCENT_COLOR_NAME = AccentColor;
				CODE_SIGN_STYLE = Automatic;
				CURRENT_PROJECT_VERSION = 1;
				GENERATE_INFOPLIST_FILE = YES;
				INFOPLIST_FILE = "PROG8471 - Assignment 1/Info.plist";
				INFOPLIST_KEY_UIApplicationSupportsIndirectInputEvents = YES;
				INFOPLIST_KEY_UILaunchStoryboardName = LaunchScreen;
				INFOPLIST_KEY_UIMainStoryboardFile = Main;
				INFOPLIST_KEY_UISupportedInterfaceOrientations_iPad = "UIInterfaceOrientationPortrait UIInterfaceOrientationPortraitUpsideDown UIInterfaceOrientationLandscapeLeft UIInterfaceOrientationLandscapeRight";
				INFOPLIST_KEY_UISupportedInterfaceOrientations_iPhone = "UIInterfaceOrientationPortrait UIInterfaceOrientationLandscapeLeft UIInterfaceOrientationLandscapeRight";
				LD_RUNPATH_SEARCH_PATHS = (
					"$(inherited)",
					"@executable_path/Frameworks",
				);
				MARKETING_VERSION = 1.0;
				PRODUCT_BUNDLE_IDENTIFIER = "Conestoga.PROG8471---Assignment-1";
				PRODUCT_NAME = "$(TARGET_NAME)";
				SWIFT_EMIT_LOC_STRINGS = YES;
				SWIFT_VERSION = 5.0;
				TARGETED_DEVICE_FAMILY = "1,2";
			};
			name = Debug;
		};
		E10B4C5E2AB6016800C692AB /* Release */ = {
			isa = XCBuildConfiguration;
			buildSettings = {
				ASSETCATALOG_COMPILER_APPICON_NAME = AppIcon;
				ASSETCATALOG_COMPILER_GLOBAL_ACCENT_COLOR_NAME = AccentColor;
				CODE_SIGN_STYLE = Automatic;
				CURRENT_PROJECT_VERSION = 1;
				GENERATE_INFOPLIST_FILE = YES;
				INFOPLIST_FILE = "PROG8471 - Assignment 1/Info.plist";
				INFOPLIST_KEY_UIApplicationSupportsIndirectInputEvents = YES;
				INFOPLIST_KEY_UILaunchStoryboardName = LaunchScreen;
				INFOPLIST_KEY_UIMainStoryboardFile = Main;
				INFOPLIST_KEY_UISupportedInterfaceOrientations_iPad = "UIInterfaceOrientationPortrait UIInterfaceOrientationPortraitUpsideDown UIInterfaceOrientationLandscapeLeft UIInterfaceOrientationLandscapeRight";
				INFOPLIST_KEY_UISupportedInterfaceOrientations_iPhone = "UIInterfaceOrientationPortrait UIInterfaceOrientationLandscapeLeft UIInterfaceOrientationLandscapeRight";
				LD_RUNPATH_SEARCH_PATHS = (
					"$(inherited)",
					"@executable_path/Frameworks",
				);
				MARKETING_VERSION = 1.0;
				PRODUCT_BUNDLE_IDENTIFIER = "Conestoga.PROG8471---Assignment-1";
				PRODUCT_NAME = "$(TARGET_NAME)";
				SWIFT_EMIT_LOC_STRINGS = YES;
				SWIFT_VERSION = 5.0;
				TARGETED_DEVICE_FAMILY = "1,2";
			};
			name = Release;
		};
		E10B4C602AB6016800C692AB /* Debug */ = {
			isa = XCBuildConfiguration;
			buildSettings = {
				ALWAYS_EMBED_SWIFT_STANDARD_LIBRARIES = YES;
				BUNDLE_LOADER = "$(TEST_HOST)";
				CODE_SIGN_STYLE = Automatic;
				CURRENT_PROJECT_VERSION = 1;
				GENERATE_INFOPLIST_FILE = YES;
				IPHONEOS_DEPLOYMENT_TARGET = 16.4;
				MARKETING_VERSION = 1.0;
				PRODUCT_BUNDLE_IDENTIFIER = "Conestoga.PROG8471---Assignment-1Tests";
				PRODUCT_NAME = "$(TARGET_NAME)";
				SWIFT_EMIT_LOC_STRINGS = NO;
				SWIFT_VERSION = 5.0;
				TARGETED_DEVICE_FAMILY = "1,2";
				TEST_HOST = "$(BUILT_PRODUCTS_DIR)/PROG8471 - Assignment 1.app/$(BUNDLE_EXECUTABLE_FOLDER_PATH)/PROG8471 - Assignment 1";
			};
			name = Debug;
		};
		E10B4C612AB6016800C692AB /* Release */ = {
			isa = XCBuildConfiguration;
			buildSettings = {
				ALWAYS_EMBED_SWIFT_STANDARD_LIBRARIES = YES;
				BUNDLE_LOADER = "$(TEST_HOST)";
				CODE_SIGN_STYLE = Automatic;
				CURRENT_PROJECT_VERSION = 1;
				GENERATE_INFOPLIST_FILE = YES;
				IPHONEOS_DEPLOYMENT_TARGET = 16.4;
				MARKETING_VERSION = 1.0;
				PRODUCT_BUNDLE_IDENTIFIER = "Conestoga.PROG8471---Assignment-1Tests";
				PRODUCT_NAME = "$(TARGET_NAME)";
				SWIFT_EMIT_LOC_STRINGS = NO;
				SWIFT_VERSION = 5.0;
				TARGETED_DEVICE_FAMILY = "1,2";
				TEST_HOST = "$(BUILT_PRODUCTS_DIR)/PROG8471 - Assignment 1.app/$(BUNDLE_EXECUTABLE_FOLDER_PATH)/PROG8471 - Assignment 1";
			};
			name = Release;
		};
		E10B4C632AB6016800C692AB /* Debug */ = {
			isa = XCBuildConfiguration;
			buildSettings = {
				ALWAYS_EMBED_SWIFT_STANDARD_LIBRARIES = YES;
				CODE_SIGN_STYLE = Automatic;
				CURRENT_PROJECT_VERSION = 1;
				GENERATE_INFOPLIST_FILE = YES;
				MARKETING_VERSION = 1.0;
				PRODUCT_BUNDLE_IDENTIFIER = "Conestoga.PROG8471---Assignment-1UITests";
				PRODUCT_NAME = "$(TARGET_NAME)";
				SWIFT_EMIT_LOC_STRINGS = NO;
				SWIFT_VERSION = 5.0;
				TARGETED_DEVICE_FAMILY = "1,2";
				TEST_TARGET_NAME = "PROG8471 - Assignment 1";
			};
			name = Debug;
		};
		E10B4C642AB6016800C692AB /* Release */ = {
			isa = XCBuildConfiguration;
			buildSettings = {
				ALWAYS_EMBED_SWIFT_STANDARD_LIBRARIES = YES;
				CODE_SIGN_STYLE = Automatic;
				CURRENT_PROJECT_VERSION = 1;
				GENERATE_INFOPLIST_FILE = YES;
				MARKETING_VERSION = 1.0;
				PRODUCT_BUNDLE_IDENTIFIER = "Conestoga.PROG8471---Assignment-1UITests";
				PRODUCT_NAME = "$(TARGET_NAME)";
				SWIFT_EMIT_LOC_STRINGS = NO;
				SWIFT_VERSION = 5.0;
				TARGETED_DEVICE_FAMILY = "1,2";
				TEST_TARGET_NAME = "PROG8471 - Assignment 1";
			};
			name = Release;
		};
/* End XCBuildConfiguration section */

/* Begin XCConfigurationList section */
		E10B4C2D2AB6016600C692AB /* Build configuration list for PBXProject "PROG8471 - Assignment 1" */ = {
			isa = XCConfigurationList;
			buildConfigurations = (
				E10B4C5A2AB6016800C692AB /* Debug */,
				E10B4C5B2AB6016800C692AB /* Release */,
			);
			defaultConfigurationIsVisible = 0;
			defaultConfigurationName = Release;
		};
		E10B4C5C2AB6016800C692AB /* Build configuration list for PBXNativeTarget "PROG8471 - Assignment 1" */ = {
			isa = XCConfigurationList;
			buildConfigurations = (
				E10B4C5D2AB6016800C692AB /* Debug */,
				E10B4C5E2AB6016800C692AB /* Release */,
			);
			defaultConfigurationIsVisible = 0;
			defaultConfigurationName = Release;
		};
		E10B4C5F2AB6016800C692AB /* Build configuration list for PBXNativeTarget "PROG8471 - Assignment 1Tests" */ = {
			isa = XCConfigurationList;
			buildConfigurations = (
				E10B4C602AB6016800C692AB /* Debug */,
				E10B4C612AB6016800C692AB /* Release */,
			);
			defaultConfigurationIsVisible = 0;
			defaultConfigurationName = Release;
		};
		E10B4C622AB6016800C692AB /* Build configuration list for PBXNativeTarget "PROG8471 - Assignment 1UITests" */ = {
			isa = XCConfigurationList;
			buildConfigurations = (
				E10B4C632AB6016800C692AB /* Debug */,
				E10B4C642AB6016800C692AB /* Release */,
			);
			defaultConfigurationIsVisible = 0;
			defaultConfigurationName = Release;
		};
/* End XCConfigurationList section */
	};
	rootObject = E10B4C2A2AB6016600C692AB /* Project object */;
}
